
Microsoft Visual Studio Solution File, Format Version 12.00
# Visual Studio Version 17
VisualStudioVersion = 17.0.31903.59
MinimumVisualStudioVersion = 10.0.40219.1
Project("{2150E333-8FDC-42A3-9474-1A3956D46DE8}") = "src", "src", "{827E0CD3-B72D-47B6-A68D-7590B98EB39B}"
EndProject
Project("{2150E333-8FDC-42A3-9474-1A3956D46DE8}") = "APIGateway", "APIGateway", "{FCA01246-F2C6-0AA7-D43F-FD13BE0B9D88}"
EndProject
Project("{FAE04EC0-301F-11D3-BF4B-00C04F79EFBC}") = "APIGateway.API", "src\APIGateway\APIGateway.API\APIGateway.API.csproj", "{AF3B2DB6-56A2-4CC5-919C-0C046775F6EC}"
EndProject
Project("{FAE04EC0-301F-11D3-BF4B-00C04F79EFBC}") = "APIGateway.Application", "src\APIGateway\APIGateway.Application\APIGateway.Application.csproj", "{1C4E3C96-43E7-477A-B23A-C2BD3205AA54}"
EndProject
Project("{FAE04EC0-301F-11D3-BF4B-00C04F79EFBC}") = "APIGateway.Domain", "src\APIGateway\APIGateway.Domain\APIGateway.Domain.csproj", "{5D70CFF0-D7B1-4ADC-A529-1FB241AE2B4D}"
EndProject
Project("{FAE04EC0-301F-11D3-BF4B-00C04F79EFBC}") = "APIGateway.Infrastructure", "src\APIGateway\APIGateway.Infrastructure\APIGateway.Infrastructure.csproj", "{9999F82D-8737-4CB1-9262-642E30C2E539}"
EndProject
Project("{2150E333-8FDC-42A3-9474-1A3956D46DE8}") = "PostsService", "PostsService", "{D19AB421-3541-1AA7-E11F-C26A3D0A7943}"
EndProject
Project("{FAE04EC0-301F-11D3-BF4B-00C04F79EFBC}") = "PostsService.API", "src\PostsService\PostsService.API\PostsService.API.csproj", "{36A118F4-5D8C-4BD9-BD91-6E66FA4F75EC}"
EndProject
Project("{FAE04EC0-301F-11D3-BF4B-00C04F79EFBC}") = "PostsService.Application", "src\PostsService\PostsService.Application\PostsService.Application.csproj", "{12F308FC-3C98-4C5C-9547-BF681349481F}"
EndProject
Project("{FAE04EC0-301F-11D3-BF4B-00C04F79EFBC}") = "PostsService.Domain", "src\PostsService\PostsService.Domain\PostsService.Domain.csproj", "{DD94E1C8-3B3B-427A-AF6C-2B8DBB3252CF}"
EndProject
Project("{FAE04EC0-301F-11D3-BF4B-00C04F79EFBC}") = "PostsService.Infrastructure", "src\PostsService\PostsService.Infrastructure\PostsService.Infrastructure.csproj", "{6AACE061-6AEA-4BB9-8F8B-3BB5F5E657DA}"
EndProject
Project("{2150E333-8FDC-42A3-9474-1A3956D46DE8}") = "SearchService", "SearchService", "{7ED07F61-EBE9-49CE-87B2-413F9A9252D8}"
EndProject
Project("{FAE04EC0-301F-11D3-BF4B-00C04F79EFBC}") = "SearchService.API", "src\SearchService\SearchService.API\SearchService.API.csproj", "{54CA22FC-0DD4-4C93-B6E3-43898D49D0FD}"
EndProject
Project("{FAE04EC0-301F-11D3-BF4B-00C04F79EFBC}") = "SearchService.Application", "src\SearchService\SearchService.Application\SearchService.Application.csproj", "{EC750DB8-8D41-4AF8-98FD-C48B48041709}"
EndProject
Project("{FAE04EC0-301F-11D3-BF4B-00C04F79EFBC}") = "SearchService.Domain", "src\SearchService\SearchService.Domain\SearchService.Domain.csproj", "{562465B7-D6A2-40D4-897F-0EA965C69524}"
EndProject
Project("{FAE04EC0-301F-11D3-BF4B-00C04F79EFBC}") = "SearchService.Infrastructure", "src\SearchService\SearchService.Infrastructure\SearchService.Infrastructure.csproj", "{0F3084FE-46D5-418D-9826-C4C3A4E8661A}"
EndProject
Project("{2150E333-8FDC-42A3-9474-1A3956D46DE8}") = "TimelineService", "TimelineService", "{D1714096-F515-C45A-9C49-4C3DB8E1A103}"
EndProject
Project("{FAE04EC0-301F-11D3-BF4B-00C04F79EFBC}") = "TimelineService.API", "src\TimelineService\TimelineService.API\TimelineService.API.csproj", "{A9F8987B-B688-46BE-862A-374814D2E749}"
EndProject
Project("{FAE04EC0-301F-11D3-BF4B-00C04F79EFBC}") = "TimelineService.Application", "src\TimelineService\TimelineService.Application\TimelineService.Application.csproj", "{E4F8B6F8-5514-449E-9B64-34A4075C0038}"
EndProject
Project("{FAE04EC0-301F-11D3-BF4B-00C04F79EFBC}") = "TimelineService.Domain", "src\TimelineService\TimelineService.Domain\TimelineService.Domain.csproj", "{2EBA3D07-0D9B-4943-8A5F-AED23C375021}"
EndProject
Project("{FAE04EC0-301F-11D3-BF4B-00C04F79EFBC}") = "TimelineService.Infrastructure", "src\TimelineService\TimelineService.Infrastructure\TimelineService.Infrastructure.csproj", "{EAD97413-66F2-4F84-845F-75747926294E}"
EndProject
Project("{2150E333-8FDC-42A3-9474-1A3956D46DE8}") = "UsersService", "UsersService", "{A024EC37-967E-70DB-4828-DAA22AD1755C}"
EndProject
Project("{FAE04EC0-301F-11D3-BF4B-00C04F79EFBC}") = "UsersService.API", "src\UsersService\UsersService.API\UsersService.API.csproj", "{5047DBEC-7166-41BC-93BC-B450A47AE1E0}"
EndProject
Project("{FAE04EC0-301F-11D3-BF4B-00C04F79EFBC}") = "UsersService.Application", "src\UsersService\UsersService.Application\UsersService.Application.csproj", "{E1319869-AD70-4C7E-8C6E-BB1A765B8C94}"
EndProject
Project("{FAE04EC0-301F-11D3-BF4B-00C04F79EFBC}") = "UsersService.Domain", "src\UsersService\UsersService.Domain\UsersService.Domain.csproj", "{2532BD60-22BA-4EA0-B846-B197AB9BDB4A}"
EndProject
Project("{FAE04EC0-301F-11D3-BF4B-00C04F79EFBC}") = "UsersService.Infrastructure", "src\UsersService\UsersService.Infrastructure\UsersService.Infrastructure.csproj", "{2D161443-B7BA-4164-AE48-2A44FE597162}"
EndProject
Global
	GlobalSection(SolutionConfigurationPlatforms) = preSolution
		Debug|Any CPU = Debug|Any CPU
		Debug|x64 = Debug|x64
		Debug|x86 = Debug|x86
		Release|Any CPU = Release|Any CPU
		Release|x64 = Release|x64
		Release|x86 = Release|x86
	EndGlobalSection
	GlobalSection(ProjectConfigurationPlatforms) = postSolution
		{AF3B2DB6-56A2-4CC5-919C-0C046775F6EC}.Debug|Any CPU.ActiveCfg = Debug|Any CPU
		{AF3B2DB6-56A2-4CC5-919C-0C046775F6EC}.Debug|Any CPU.Build.0 = Debug|Any CPU
		{AF3B2DB6-56A2-4CC5-919C-0C046775F6EC}.Debug|x64.ActiveCfg = Debug|Any CPU
		{AF3B2DB6-56A2-4CC5-919C-0C046775F6EC}.Debug|x64.Build.0 = Debug|Any CPU
		{AF3B2DB6-56A2-4CC5-919C-0C046775F6EC}.Debug|x86.ActiveCfg = Debug|Any CPU
		{AF3B2DB6-56A2-4CC5-919C-0C046775F6EC}.Debug|x86.Build.0 = Debug|Any CPU
		{AF3B2DB6-56A2-4CC5-919C-0C046775F6EC}.Release|Any CPU.ActiveCfg = Release|Any CPU
		{AF3B2DB6-56A2-4CC5-919C-0C046775F6EC}.Release|Any CPU.Build.0 = Release|Any CPU
		{AF3B2DB6-56A2-4CC5-919C-0C046775F6EC}.Release|x64.ActiveCfg = Release|Any CPU
		{AF3B2DB6-56A2-4CC5-919C-0C046775F6EC}.Release|x64.Build.0 = Release|Any CPU
		{AF3B2DB6-56A2-4CC5-919C-0C046775F6EC}.Release|x86.ActiveCfg = Release|Any CPU
		{AF3B2DB6-56A2-4CC5-919C-0C046775F6EC}.Release|x86.Build.0 = Release|Any CPU
		{1C4E3C96-43E7-477A-B23A-C2BD3205AA54}.Debug|Any CPU.ActiveCfg = Debug|Any CPU
		{1C4E3C96-43E7-477A-B23A-C2BD3205AA54}.Debug|Any CPU.Build.0 = Debug|Any CPU
		{1C4E3C96-43E7-477A-B23A-C2BD3205AA54}.Debug|x64.ActiveCfg = Debug|Any CPU
		{1C4E3C96-43E7-477A-B23A-C2BD3205AA54}.Debug|x64.Build.0 = Debug|Any CPU
		{1C4E3C96-43E7-477A-B23A-C2BD3205AA54}.Debug|x86.ActiveCfg = Debug|Any CPU
		{1C4E3C96-43E7-477A-B23A-C2BD3205AA54}.Debug|x86.Build.0 = Debug|Any CPU
		{1C4E3C96-43E7-477A-B23A-C2BD3205AA54}.Release|Any CPU.ActiveCfg = Release|Any CPU
		{1C4E3C96-43E7-477A-B23A-C2BD3205AA54}.Release|Any CPU.Build.0 = Release|Any CPU
		{1C4E3C96-43E7-477A-B23A-C2BD3205AA54}.Release|x64.ActiveCfg = Release|Any CPU
		{1C4E3C96-43E7-477A-B23A-C2BD3205AA54}.Release|x64.Build.0 = Release|Any CPU
		{1C4E3C96-43E7-477A-B23A-C2BD3205AA54}.Release|x86.ActiveCfg = Release|Any CPU
		{1C4E3C96-43E7-477A-B23A-C2BD3205AA54}.Release|x86.Build.0 = Release|Any CPU
		{5D70CFF0-D7B1-4ADC-A529-1FB241AE2B4D}.Debug|Any CPU.ActiveCfg = Debug|Any CPU
		{5D70CFF0-D7B1-4ADC-A529-1FB241AE2B4D}.Debug|Any CPU.Build.0 = Debug|Any CPU
		{5D70CFF0-D7B1-4ADC-A529-1FB241AE2B4D}.Debug|x64.ActiveCfg = Debug|Any CPU
		{5D70CFF0-D7B1-4ADC-A529-1FB241AE2B4D}.Debug|x64.Build.0 = Debug|Any CPU
		{5D70CFF0-D7B1-4ADC-A529-1FB241AE2B4D}.Debug|x86.ActiveCfg = Debug|Any CPU
		{5D70CFF0-D7B1-4ADC-A529-1FB241AE2B4D}.Debug|x86.Build.0 = Debug|Any CPU
		{5D70CFF0-D7B1-4ADC-A529-1FB241AE2B4D}.Release|Any CPU.ActiveCfg = Release|Any CPU
		{5D70CFF0-D7B1-4ADC-A529-1FB241AE2B4D}.Release|Any CPU.Build.0 = Release|Any CPU
		{5D70CFF0-D7B1-4ADC-A529-1FB241AE2B4D}.Release|x64.ActiveCfg = Release|Any CPU
		{5D70CFF0-D7B1-4ADC-A529-1FB241AE2B4D}.Release|x64.Build.0 = Release|Any CPU
		{5D70CFF0-D7B1-4ADC-A529-1FB241AE2B4D}.Release|x86.ActiveCfg = Release|Any CPU
		{5D70CFF0-D7B1-4ADC-A529-1FB241AE2B4D}.Release|x86.Build.0 = Release|Any CPU
		{9999F82D-8737-4CB1-9262-642E30C2E539}.Debug|Any CPU.ActiveCfg = Debug|Any CPU
		{9999F82D-8737-4CB1-9262-642E30C2E539}.Debug|Any CPU.Build.0 = Debug|Any CPU
		{9999F82D-8737-4CB1-9262-642E30C2E539}.Debug|x64.ActiveCfg = Debug|Any CPU
		{9999F82D-8737-4CB1-9262-642E30C2E539}.Debug|x64.Build.0 = Debug|Any CPU
		{9999F82D-8737-4CB1-9262-642E30C2E539}.Debug|x86.ActiveCfg = Debug|Any CPU
		{9999F82D-8737-4CB1-9262-642E30C2E539}.Debug|x86.Build.0 = Debug|Any CPU
		{9999F82D-8737-4CB1-9262-642E30C2E539}.Release|Any CPU.ActiveCfg = Release|Any CPU
		{9999F82D-8737-4CB1-9262-642E30C2E539}.Release|Any CPU.Build.0 = Release|Any CPU
		{9999F82D-8737-4CB1-9262-642E30C2E539}.Release|x64.ActiveCfg = Release|Any CPU
		{9999F82D-8737-4CB1-9262-642E30C2E539}.Release|x64.Build.0 = Release|Any CPU
		{9999F82D-8737-4CB1-9262-642E30C2E539}.Release|x86.ActiveCfg = Release|Any CPU
		{9999F82D-8737-4CB1-9262-642E30C2E539}.Release|x86.Build.0 = Release|Any CPU
		{36A118F4-5D8C-4BD9-BD91-6E66FA4F75EC}.Debug|Any CPU.ActiveCfg = Debug|Any CPU
		{36A118F4-5D8C-4BD9-BD91-6E66FA4F75EC}.Debug|Any CPU.Build.0 = Debug|Any CPU
		{36A118F4-5D8C-4BD9-BD91-6E66FA4F75EC}.Debug|x64.ActiveCfg = Debug|Any CPU
		{36A118F4-5D8C-4BD9-BD91-6E66FA4F75EC}.Debug|x64.Build.0 = Debug|Any CPU
		{36A118F4-5D8C-4BD9-BD91-6E66FA4F75EC}.Debug|x86.ActiveCfg = Debug|Any CPU
		{36A118F4-5D8C-4BD9-BD91-6E66FA4F75EC}.Debug|x86.Build.0 = Debug|Any CPU
		{36A118F4-5D8C-4BD9-BD91-6E66FA4F75EC}.Release|Any CPU.ActiveCfg = Release|Any CPU
		{36A118F4-5D8C-4BD9-BD91-6E66FA4F75EC}.Release|Any CPU.Build.0 = Release|Any CPU
		{36A118F4-5D8C-4BD9-BD91-6E66FA4F75EC}.Release|x64.ActiveCfg = Release|Any CPU
		{36A118F4-5D8C-4BD9-BD91-6E66FA4F75EC}.Release|x64.Build.0 = Release|Any CPU
		{36A118F4-5D8C-4BD9-BD91-6E66FA4F75EC}.Release|x86.ActiveCfg = Release|Any CPU
		{36A118F4-5D8C-4BD9-BD91-6E66FA4F75EC}.Release|x86.Build.0 = Release|Any CPU
		{12F308FC-3C98-4C5C-9547-BF681349481F}.Debug|Any CPU.ActiveCfg = Debug|Any CPU
		{12F308FC-3C98-4C5C-9547-BF681349481F}.Debug|Any CPU.Build.0 = Debug|Any CPU
		{12F308FC-3C98-4C5C-9547-BF681349481F}.Debug|x64.ActiveCfg = Debug|Any CPU
		{12F308FC-3C98-4C5C-9547-BF681349481F}.Debug|x64.Build.0 = Debug|Any CPU
		{12F308FC-3C98-4C5C-9547-BF681349481F}.Debug|x86.ActiveCfg = Debug|Any CPU
		{12F308FC-3C98-4C5C-9547-BF681349481F}.Debug|x86.Build.0 = Debug|Any CPU
		{12F308FC-3C98-4C5C-9547-BF681349481F}.Release|Any CPU.ActiveCfg = Release|Any CPU
		{12F308FC-3C98-4C5C-9547-BF681349481F}.Release|Any CPU.Build.0 = Release|Any CPU
		{12F308FC-3C98-4C5C-9547-BF681349481F}.Release|x64.ActiveCfg = Release|Any CPU
		{12F308FC-3C98-4C5C-9547-BF681349481F}.Release|x64.Build.0 = Release|Any CPU
		{12F308FC-3C98-4C5C-9547-BF681349481F}.Release|x86.ActiveCfg = Release|Any CPU
		{12F308FC-3C98-4C5C-9547-BF681349481F}.Release|x86.Build.0 = Release|Any CPU
		{DD94E1C8-3B3B-427A-AF6C-2B8DBB3252CF}.Debug|Any CPU.ActiveCfg = Debug|Any CPU
		{DD94E1C8-3B3B-427A-AF6C-2B8DBB3252CF}.Debug|Any CPU.Build.0 = Debug|Any CPU
		{DD94E1C8-3B3B-427A-AF6C-2B8DBB3252CF}.Debug|x64.ActiveCfg = Debug|Any CPU
		{DD94E1C8-3B3B-427A-AF6C-2B8DBB3252CF}.Debug|x64.Build.0 = Debug|Any CPU
		{DD94E1C8-3B3B-427A-AF6C-2B8DBB3252CF}.Debug|x86.ActiveCfg = Debug|Any CPU
		{DD94E1C8-3B3B-427A-AF6C-2B8DBB3252CF}.Debug|x86.Build.0 = Debug|Any CPU
		{DD94E1C8-3B3B-427A-AF6C-2B8DBB3252CF}.Release|Any CPU.ActiveCfg = Release|Any CPU
		{DD94E1C8-3B3B-427A-AF6C-2B8DBB3252CF}.Release|Any CPU.Build.0 = Release|Any CPU
		{DD94E1C8-3B3B-427A-AF6C-2B8DBB3252CF}.Release|x64.ActiveCfg = Release|Any CPU
		{DD94E1C8-3B3B-427A-AF6C-2B8DBB3252CF}.Release|x64.Build.0 = Release|Any CPU
		{DD94E1C8-3B3B-427A-AF6C-2B8DBB3252CF}.Release|x86.ActiveCfg = Release|Any CPU
		{DD94E1C8-3B3B-427A-AF6C-2B8DBB3252CF}.Release|x86.Build.0 = Release|Any CPU
		{6AACE061-6AEA-4BB9-8F8B-3BB5F5E657DA}.Debug|Any CPU.ActiveCfg = Debug|Any CPU
		{6AACE061-6AEA-4BB9-8F8B-3BB5F5E657DA}.Debug|Any CPU.Build.0 = Debug|Any CPU
		{6AACE061-6AEA-4BB9-8F8B-3BB5F5E657DA}.Debug|x64.ActiveCfg = Debug|Any CPU
		{6AACE061-6AEA-4BB9-8F8B-3BB5F5E657DA}.Debug|x64.Build.0 = Debug|Any CPU
		{6AACE061-6AEA-4BB9-8F8B-3BB5F5E657DA}.Debug|x86.ActiveCfg = Debug|Any CPU
		{6AACE061-6AEA-4BB9-8F8B-3BB5F5E657DA}.Debug|x86.Build.0 = Debug|Any CPU
		{6AACE061-6AEA-4BB9-8F8B-3BB5F5E657DA}.Release|Any CPU.ActiveCfg = Release|Any CPU
		{6AACE061-6AEA-4BB9-8F8B-3BB5F5E657DA}.Release|Any CPU.Build.0 = Release|Any CPU
		{6AACE061-6AEA-4BB9-8F8B-3BB5F5E657DA}.Release|x64.ActiveCfg = Release|Any CPU
		{6AACE061-6AEA-4BB9-8F8B-3BB5F5E657DA}.Release|x64.Build.0 = Release|Any CPU
		{6AACE061-6AEA-4BB9-8F8B-3BB5F5E657DA}.Release|x86.ActiveCfg = Release|Any CPU
		{6AACE061-6AEA-4BB9-8F8B-3BB5F5E657DA}.Release|x86.Build.0 = Release|Any CPU
		{54CA22FC-0DD4-4C93-B6E3-43898D49D0FD}.Debug|Any CPU.ActiveCfg = Debug|Any CPU
		{54CA22FC-0DD4-4C93-B6E3-43898D49D0FD}.Debug|Any CPU.Build.0 = Debug|Any CPU
		{54CA22FC-0DD4-4C93-B6E3-43898D49D0FD}.Debug|x64.ActiveCfg = Debug|Any CPU
		{54CA22FC-0DD4-4C93-B6E3-43898D49D0FD}.Debug|x64.Build.0 = Debug|Any CPU
		{54CA22FC-0DD4-4C93-B6E3-43898D49D0FD}.Debug|x86.ActiveCfg = Debug|Any CPU
		{54CA22FC-0DD4-4C93-B6E3-43898D49D0FD}.Debug|x86.Build.0 = Debug|Any CPU
		{54CA22FC-0DD4-4C93-B6E3-43898D49D0FD}.Release|Any CPU.ActiveCfg = Release|Any CPU
		{54CA22FC-0DD4-4C93-B6E3-43898D49D0FD}.Release|Any CPU.Build.0 = Release|Any CPU
		{54CA22FC-0DD4-4C93-B6E3-43898D49D0FD}.Release|x64.ActiveCfg = Release|Any CPU
		{54CA22FC-0DD4-4C93-B6E3-43898D49D0FD}.Release|x64.Build.0 = Release|Any CPU
		{54CA22FC-0DD4-4C93-B6E3-43898D49D0FD}.Release|x86.ActiveCfg = Release|Any CPU
		{54CA22FC-0DD4-4C93-B6E3-43898D49D0FD}.Release|x86.Build.0 = Release|Any CPU
		{EC750DB8-8D41-4AF8-98FD-C48B48041709}.Debug|Any CPU.ActiveCfg = Debug|Any CPU
		{EC750DB8-8D41-4AF8-98FD-C48B48041709}.Debug|Any CPU.Build.0 = Debug|Any CPU
		{EC750DB8-8D41-4AF8-98FD-C48B48041709}.Debug|x64.ActiveCfg = Debug|Any CPU
		{EC750DB8-8D41-4AF8-98FD-C48B48041709}.Debug|x64.Build.0 = Debug|Any CPU
		{EC750DB8-8D41-4AF8-98FD-C48B48041709}.Debug|x86.ActiveCfg = Debug|Any CPU
		{EC750DB8-8D41-4AF8-98FD-C48B48041709}.Debug|x86.Build.0 = Debug|Any CPU
		{EC750DB8-8D41-4AF8-98FD-C48B48041709}.Release|Any CPU.ActiveCfg = Release|Any CPU
		{EC750DB8-8D41-4AF8-98FD-C48B48041709}.Release|Any CPU.Build.0 = Release|Any CPU
		{EC750DB8-8D41-4AF8-98FD-C48B48041709}.Release|x64.ActiveCfg = Release|Any CPU
		{EC750DB8-8D41-4AF8-98FD-C48B48041709}.Release|x64.Build.0 = Release|Any CPU
		{EC750DB8-8D41-4AF8-98FD-C48B48041709}.Release|x86.ActiveCfg = Release|Any CPU
		{EC750DB8-8D41-4AF8-98FD-C48B48041709}.Release|x86.Build.0 = Release|Any CPU
		{562465B7-D6A2-40D4-897F-0EA965C69524}.Debug|Any CPU.ActiveCfg = Debug|Any CPU
		{562465B7-D6A2-40D4-897F-0EA965C69524}.Debug|Any CPU.Build.0 = Debug|Any CPU
		{562465B7-D6A2-40D4-897F-0EA965C69524}.Debug|x64.ActiveCfg = Debug|Any CPU
		{562465B7-D6A2-40D4-897F-0EA965C69524}.Debug|x64.Build.0 = Debug|Any CPU
		{562465B7-D6A2-40D4-897F-0EA965C69524}.Debug|x86.ActiveCfg = Debug|Any CPU
		{562465B7-D6A2-40D4-897F-0EA965C69524}.Debug|x86.Build.0 = Debug|Any CPU
		{562465B7-D6A2-40D4-897F-0EA965C69524}.Release|Any CPU.ActiveCfg = Release|Any CPU
		{562465B7-D6A2-40D4-897F-0EA965C69524}.Release|Any CPU.Build.0 = Release|Any CPU
		{562465B7-D6A2-40D4-897F-0EA965C69524}.Release|x64.ActiveCfg = Release|Any CPU
		{562465B7-D6A2-40D4-897F-0EA965C69524}.Release|x64.Build.0 = Release|Any CPU
		{562465B7-D6A2-40D4-897F-0EA965C69524}.Release|x86.ActiveCfg = Release|Any CPU
		{562465B7-D6A2-40D4-897F-0EA965C69524}.Release|x86.Build.0 = Release|Any CPU
		{0F3084FE-46D5-418D-9826-C4C3A4E8661A}.Debug|Any CPU.ActiveCfg = Debug|Any CPU
		{0F3084FE-46D5-418D-9826-C4C3A4E8661A}.Debug|Any CPU.Build.0 = Debug|Any CPU
		{0F3084FE-46D5-418D-9826-C4C3A4E8661A}.Debug|x64.ActiveCfg = Debug|Any CPU
		{0F3084FE-46D5-418D-9826-C4C3A4E8661A}.Debug|x64.Build.0 = Debug|Any CPU
		{0F3084FE-46D5-418D-9826-C4C3A4E8661A}.Debug|x86.ActiveCfg = Debug|Any CPU
		{0F3084FE-46D5-418D-9826-C4C3A4E8661A}.Debug|x86.Build.0 = Debug|Any CPU
		{0F3084FE-46D5-418D-9826-C4C3A4E8661A}.Release|Any CPU.ActiveCfg = Release|Any CPU
		{0F3084FE-46D5-418D-9826-C4C3A4E8661A}.Release|Any CPU.Build.0 = Release|Any CPU
		{0F3084FE-46D5-418D-9826-C4C3A4E8661A}.Release|x64.ActiveCfg = Release|Any CPU
		{0F3084FE-46D5-418D-9826-C4C3A4E8661A}.Release|x64.Build.0 = Release|Any CPU
		{0F3084FE-46D5-418D-9826-C4C3A4E8661A}.Release|x86.ActiveCfg = Release|Any CPU
		{0F3084FE-46D5-418D-9826-C4C3A4E8661A}.Release|x86.Build.0 = Release|Any CPU
		{A9F8987B-B688-46BE-862A-374814D2E749}.Debug|Any CPU.ActiveCfg = Debug|Any CPU
		{A9F8987B-B688-46BE-862A-374814D2E749}.Debug|Any CPU.Build.0 = Debug|Any CPU
		{A9F8987B-B688-46BE-862A-374814D2E749}.Debug|x64.ActiveCfg = Debug|Any CPU
		{A9F8987B-B688-46BE-862A-374814D2E749}.Debug|x64.Build.0 = Debug|Any CPU
		{A9F8987B-B688-46BE-862A-374814D2E749}.Debug|x86.ActiveCfg = Debug|Any CPU
		{A9F8987B-B688-46BE-862A-374814D2E749}.Debug|x86.Build.0 = Debug|Any CPU
		{A9F8987B-B688-46BE-862A-374814D2E749}.Release|Any CPU.ActiveCfg = Release|Any CPU
		{A9F8987B-B688-46BE-862A-374814D2E749}.Release|Any CPU.Build.0 = Release|Any CPU
		{A9F8987B-B688-46BE-862A-374814D2E749}.Release|x64.ActiveCfg = Release|Any CPU
		{A9F8987B-B688-46BE-862A-374814D2E749}.Release|x64.Build.0 = Release|Any CPU
		{A9F8987B-B688-46BE-862A-374814D2E749}.Release|x86.ActiveCfg = Release|Any CPU
		{A9F8987B-B688-46BE-862A-374814D2E749}.Release|x86.Build.0 = Release|Any CPU
		{E4F8B6F8-5514-449E-9B64-34A4075C0038}.Debug|Any CPU.ActiveCfg = Debug|Any CPU
		{E4F8B6F8-5514-449E-9B64-34A4075C0038}.Debug|Any CPU.Build.0 = Debug|Any CPU
		{E4F8B6F8-5514-449E-9B64-34A4075C0038}.Debug|x64.ActiveCfg = Debug|Any CPU
		{E4F8B6F8-5514-449E-9B64-34A4075C0038}.Debug|x64.Build.0 = Debug|Any CPU
		{E4F8B6F8-5514-449E-9B64-34A4075C0038}.Debug|x86.ActiveCfg = Debug|Any CPU
		{E4F8B6F8-5514-449E-9B64-34A4075C0038}.Debug|x86.Build.0 = Debug|Any CPU
		{E4F8B6F8-5514-449E-9B64-34A4075C0038}.Release|Any CPU.ActiveCfg = Release|Any CPU
		{E4F8B6F8-5514-449E-9B64-34A4075C0038}.Release|Any CPU.Build.0 = Release|Any CPU
		{E4F8B6F8-5514-449E-9B64-34A4075C0038}.Release|x64.ActiveCfg = Release|Any CPU
		{E4F8B6F8-5514-449E-9B64-34A4075C0038}.Release|x64.Build.0 = Release|Any CPU
		{E4F8B6F8-5514-449E-9B64-34A4075C0038}.Release|x86.ActiveCfg = Release|Any CPU
		{E4F8B6F8-5514-449E-9B64-34A4075C0038}.Release|x86.Build.0 = Release|Any CPU
		{2EBA3D07-0D9B-4943-8A5F-AED23C375021}.Debug|Any CPU.ActiveCfg = Debug|Any CPU
		{2EBA3D07-0D9B-4943-8A5F-AED23C375021}.Debug|Any CPU.Build.0 = Debug|Any CPU
		{2EBA3D07-0D9B-4943-8A5F-AED23C375021}.Debug|x64.ActiveCfg = Debug|Any CPU
		{2EBA3D07-0D9B-4943-8A5F-AED23C375021}.Debug|x64.Build.0 = Debug|Any CPU
		{2EBA3D07-0D9B-4943-8A5F-AED23C375021}.Debug|x86.ActiveCfg = Debug|Any CPU
		{2EBA3D07-0D9B-4943-8A5F-AED23C375021}.Debug|x86.Build.0 = Debug|Any CPU
		{2EBA3D07-0D9B-4943-8A5F-AED23C375021}.Release|Any CPU.ActiveCfg = Release|Any CPU
		{2EBA3D07-0D9B-4943-8A5F-AED23C375021}.Release|Any CPU.Build.0 = Release|Any CPU
		{2EBA3D07-0D9B-4943-8A5F-AED23C375021}.Release|x64.ActiveCfg = Release|Any CPU
		{2EBA3D07-0D9B-4943-8A5F-AED23C375021}.Release|x64.Build.0 = Release|Any CPU
		{2EBA3D07-0D9B-4943-8A5F-AED23C375021}.Release|x86.ActiveCfg = Release|Any CPU
		{2EBA3D07-0D9B-4943-8A5F-AED23C375021}.Release|x86.Build.0 = Release|Any CPU
		{EAD97413-66F2-4F84-845F-75747926294E}.Debug|Any CPU.ActiveCfg = Debug|Any CPU
		{EAD97413-66F2-4F84-845F-75747926294E}.Debug|Any CPU.Build.0 = Debug|Any CPU
		{EAD97413-66F2-4F84-845F-75747926294E}.Debug|x64.ActiveCfg = Debug|Any CPU
		{EAD97413-66F2-4F84-845F-75747926294E}.Debug|x64.Build.0 = Debug|Any CPU
		{EAD97413-66F2-4F84-845F-75747926294E}.Debug|x86.ActiveCfg = Debug|Any CPU
		{EAD97413-66F2-4F84-845F-75747926294E}.Debug|x86.Build.0 = Debug|Any CPU
		{EAD97413-66F2-4F84-845F-75747926294E}.Release|Any CPU.ActiveCfg = Release|Any CPU
		{EAD97413-66F2-4F84-845F-75747926294E}.Release|Any CPU.Build.0 = Release|Any CPU
		{EAD97413-66F2-4F84-845F-75747926294E}.Release|x64.ActiveCfg = Release|Any CPU
		{EAD97413-66F2-4F84-845F-75747926294E}.Release|x64.Build.0 = Release|Any CPU
		{EAD97413-66F2-4F84-845F-75747926294E}.Release|x86.ActiveCfg = Release|Any CPU
		{EAD97413-66F2-4F84-845F-75747926294E}.Release|x86.Build.0 = Release|Any CPU
		{5047DBEC-7166-41BC-93BC-B450A47AE1E0}.Debug|Any CPU.ActiveCfg = Debug|Any CPU
		{5047DBEC-7166-41BC-93BC-B450A47AE1E0}.Debug|Any CPU.Build.0 = Debug|Any CPU
		{5047DBEC-7166-41BC-93BC-B450A47AE1E0}.Debug|x64.ActiveCfg = Debug|Any CPU
		{5047DBEC-7166-41BC-93BC-B450A47AE1E0}.Debug|x64.Build.0 = Debug|Any CPU
		{5047DBEC-7166-41BC-93BC-B450A47AE1E0}.Debug|x86.ActiveCfg = Debug|Any CPU
		{5047DBEC-7166-41BC-93BC-B450A47AE1E0}.Debug|x86.Build.0 = Debug|Any CPU
		{5047DBEC-7166-41BC-93BC-B450A47AE1E0}.Release|Any CPU.ActiveCfg = Release|Any CPU
		{5047DBEC-7166-41BC-93BC-B450A47AE1E0}.Release|Any CPU.Build.0 = Release|Any CPU
		{5047DBEC-7166-41BC-93BC-B450A47AE1E0}.Release|x64.ActiveCfg = Release|Any CPU
		{5047DBEC-7166-41BC-93BC-B450A47AE1E0}.Release|x64.Build.0 = Release|Any CPU
		{5047DBEC-7166-41BC-93BC-B450A47AE1E0}.Release|x86.ActiveCfg = Release|Any CPU
		{5047DBEC-7166-41BC-93BC-B450A47AE1E0}.Release|x86.Build.0 = Release|Any CPU
		{E1319869-AD70-4C7E-8C6E-BB1A765B8C94}.Debug|Any CPU.ActiveCfg = Debug|Any CPU
		{E1319869-AD70-4C7E-8C6E-BB1A765B8C94}.Debug|Any CPU.Build.0 = Debug|Any CPU
		{E1319869-AD70-4C7E-8C6E-BB1A765B8C94}.Debug|x64.ActiveCfg = Debug|Any CPU
		{E1319869-AD70-4C7E-8C6E-BB1A765B8C94}.Debug|x64.Build.0 = Debug|Any CPU
		{E1319869-AD70-4C7E-8C6E-BB1A765B8C94}.Debug|x86.ActiveCfg = Debug|Any CPU
		{E1319869-AD70-4C7E-8C6E-BB1A765B8C94}.Debug|x86.Build.0 = Debug|Any CPU
		{E1319869-AD70-4C7E-8C6E-BB1A765B8C94}.Release|Any CPU.ActiveCfg = Release|Any CPU
		{E1319869-AD70-4C7E-8C6E-BB1A765B8C94}.Release|Any CPU.Build.0 = Release|Any CPU
		{E1319869-AD70-4C7E-8C6E-BB1A765B8C94}.Release|x64.ActiveCfg = Release|Any CPU
		{E1319869-AD70-4C7E-8C6E-BB1A765B8C94}.Release|x64.Build.0 = Release|Any CPU
		{E1319869-AD70-4C7E-8C6E-BB1A765B8C94}.Release|x86.ActiveCfg = Release|Any CPU
		{E1319869-AD70-4C7E-8C6E-BB1A765B8C94}.Release|x86.Build.0 = Release|Any CPU
		{2532BD60-22BA-4EA0-B846-B197AB9BDB4A}.Debug|Any CPU.ActiveCfg = Debug|Any CPU
		{2532BD60-22BA-4EA0-B846-B197AB9BDB4A}.Debug|Any CPU.Build.0 = Debug|Any CPU
		{2532BD60-22BA-4EA0-B846-B197AB9BDB4A}.Debug|x64.ActiveCfg = Debug|Any CPU
		{2532BD60-22BA-4EA0-B846-B197AB9BDB4A}.Debug|x64.Build.0 = Debug|Any CPU
		{2532BD60-22BA-4EA0-B846-B197AB9BDB4A}.Debug|x86.ActiveCfg = Debug|Any CPU
		{2532BD60-22BA-4EA0-B846-B197AB9BDB4A}.Debug|x86.Build.0 = Debug|Any CPU
		{2532BD60-22BA-4EA0-B846-B197AB9BDB4A}.Release|Any CPU.ActiveCfg = Release|Any CPU
		{2532BD60-22BA-4EA0-B846-B197AB9BDB4A}.Release|Any CPU.Build.0 = Release|Any CPU
		{2532BD60-22BA-4EA0-B846-B197AB9BDB4A}.Release|x64.ActiveCfg = Release|Any CPU
		{2532BD60-22BA-4EA0-B846-B197AB9BDB4A}.Release|x64.Build.0 = Release|Any CPU
		{2532BD60-22BA-4EA0-B846-B197AB9BDB4A}.Release|x86.ActiveCfg = Release|Any CPU
		{2532BD60-22BA-4EA0-B846-B197AB9BDB4A}.Release|x86.Build.0 = Release|Any CPU
		{2D161443-B7BA-4164-AE48-2A44FE597162}.Debug|Any CPU.ActiveCfg = Debug|Any CPU
		{2D161443-B7BA-4164-AE48-2A44FE597162}.Debug|Any CPU.Build.0 = Debug|Any CPU
		{2D161443-B7BA-4164-AE48-2A44FE597162}.Debug|x64.ActiveCfg = Debug|Any CPU
		{2D161443-B7BA-4164-AE48-2A44FE597162}.Debug|x64.Build.0 = Debug|Any CPU
		{2D161443-B7BA-4164-AE48-2A44FE597162}.Debug|x86.ActiveCfg = Debug|Any CPU
		{2D161443-B7BA-4164-AE48-2A44FE597162}.Debug|x86.Build.0 = Debug|Any CPU
		{2D161443-B7BA-4164-AE48-2A44FE597162}.Release|Any CPU.ActiveCfg = Release|Any CPU
		{2D161443-B7BA-4164-AE48-2A44FE597162}.Release|Any CPU.Build.0 = Release|Any CPU
		{2D161443-B7BA-4164-AE48-2A44FE597162}.Release|x64.ActiveCfg = Release|Any CPU
		{2D161443-B7BA-4164-AE48-2A44FE597162}.Release|x64.Build.0 = Release|Any CPU
		{2D161443-B7BA-4164-AE48-2A44FE597162}.Release|x86.ActiveCfg = Release|Any CPU
		{2D161443-B7BA-4164-AE48-2A44FE597162}.Release|x86.Build.0 = Release|Any CPU
	EndGlobalSection
	GlobalSection(SolutionProperties) = preSolution
		HideSolutionNode = FALSE
	EndGlobalSection
	GlobalSection(NestedProjects) = preSolution
		{FCA01246-F2C6-0AA7-D43F-FD13BE0B9D88} = {827E0CD3-B72D-47B6-A68D-7590B98EB39B}
		{AF3B2DB6-56A2-4CC5-919C-0C046775F6EC} = {FCA01246-F2C6-0AA7-D43F-FD13BE0B9D88}
		{1C4E3C96-43E7-477A-B23A-C2BD3205AA54} = {FCA01246-F2C6-0AA7-D43F-FD13BE0B9D88}
		{5D70CFF0-D7B1-4ADC-A529-1FB241AE2B4D} = {FCA01246-F2C6-0AA7-D43F-FD13BE0B9D88}
		{9999F82D-8737-4CB1-9262-642E30C2E539} = {FCA01246-F2C6-0AA7-D43F-FD13BE0B9D88}
		{D19AB421-3541-1AA7-E11F-C26A3D0A7943} = {827E0CD3-B72D-47B6-A68D-7590B98EB39B}
		{36A118F4-5D8C-4BD9-BD91-6E66FA4F75EC} = {D19AB421-3541-1AA7-E11F-C26A3D0A7943}
		{12F308FC-3C98-4C5C-9547-BF681349481F} = {D19AB421-3541-1AA7-E11F-C26A3D0A7943}
		{DD94E1C8-3B3B-427A-AF6C-2B8DBB3252CF} = {D19AB421-3541-1AA7-E11F-C26A3D0A7943}
		{6AACE061-6AEA-4BB9-8F8B-3BB5F5E657DA} = {D19AB421-3541-1AA7-E11F-C26A3D0A7943}
		{7ED07F61-EBE9-49CE-87B2-413F9A9252D8} = {827E0CD3-B72D-47B6-A68D-7590B98EB39B}
		{54CA22FC-0DD4-4C93-B6E3-43898D49D0FD} = {7ED07F61-EBE9-49CE-87B2-413F9A9252D8}
		{EC750DB8-8D41-4AF8-98FD-C48B48041709} = {7ED07F61-EBE9-49CE-87B2-413F9A9252D8}
		{562465B7-D6A2-40D4-897F-0EA965C69524} = {7ED07F61-EBE9-49CE-87B2-413F9A9252D8}
		{0F3084FE-46D5-418D-9826-C4C3A4E8661A} = {7ED07F61-EBE9-49CE-87B2-413F9A9252D8}
		{D1714096-F515-C45A-9C49-4C3DB8E1A103} = {827E0CD3-B72D-47B6-A68D-7590B98EB39B}
		{A9F8987B-B688-46BE-862A-374814D2E749} = {D1714096-F515-C45A-9C49-4C3DB8E1A103}
		{E4F8B6F8-5514-449E-9B64-34A4075C0038} = {D1714096-F515-C45A-9C49-4C3DB8E1A103}
		{2EBA3D07-0D9B-4943-8A5F-AED23C375021} = {D1714096-F515-C45A-9C49-4C3DB8E1A103}
		{EAD97413-66F2-4F84-845F-75747926294E} = {D1714096-F515-C45A-9C49-4C3DB8E1A103}
		{A024EC37-967E-70DB-4828-DAA22AD1755C} = {827E0CD3-B72D-47B6-A68D-7590B98EB39B}
		{5047DBEC-7166-41BC-93BC-B450A47AE1E0} = {A024EC37-967E-70DB-4828-DAA22AD1755C}
		{E1319869-AD70-4C7E-8C6E-BB1A765B8C94} = {A024EC37-967E-70DB-4828-DAA22AD1755C}
		{2532BD60-22BA-4EA0-B846-B197AB9BDB4A} = {A024EC37-967E-70DB-4828-DAA22AD1755C}
		{2D161443-B7BA-4164-AE48-2A44FE597162} = {A024EC37-967E-70DB-4828-DAA22AD1755C}
	EndGlobalSection
EndGlobal
